
Microsoft Visual Studio Solution File, Format Version 12.00
# Visual Studio Version 17
VisualStudioVersion = 17.3.32901.215
MinimumVisualStudioVersion = 10.0.40219.1
Project("{FAE04EC0-301F-11D3-BF4B-00C04F79EFBC}") = "math sınıfı", "math sınıfı\math sınıfı.csproj", "{AB5AB9B7-DBAA-42C7-A49F-5EF6B7BEDEAE}"
EndProject
Global
	GlobalSection(SolutionConfigurationPlatforms) = preSolution
		Debug|Any CPU = Debug|Any CPU
		Release|Any CPU = Release|Any CPU
	EndGlobalSection
	GlobalSection(ProjectConfigurationPlatforms) = postSolution
		{AB5AB9B7-DBAA-42C7-A49F-5EF6B7BEDEAE}.Debug|Any CPU.ActiveCfg = Debug|Any CPU
		{AB5AB9B7-DBAA-42C7-A49F-5EF6B7BEDEAE}.Debug|Any CPU.Build.0 = Debug|Any CPU
		{AB5AB9B7-DBAA-42C7-A49F-5EF6B7BEDEAE}.Release|Any CPU.ActiveCfg = Release|Any CPU
		{AB5AB9B7-DBAA-42C7-A49F-5EF6B7BEDEAE}.Release|Any CPU.Build.0 = Release|Any CPU
	EndGlobalSection
	GlobalSection(SolutionProperties) = preSolution
		HideSolutionNode = FALSE
	EndGlobalSection
	GlobalSection(ExtensibilityGlobals) = postSolution
		SolutionGuid = {77C51386-B2C6-4FA3-B7F3-4A376924DBEC}
	EndGlobalSection
EndGlobal
